
Microsoft Visual Studio Solution File, Format Version 12.00
# Visual Studio Version 17
VisualStudioVersion = 17.3.32825.248
MinimumVisualStudioVersion = 10.0.40219.1
Project("{9A19103F-16F7-4668-BE54-9A1E7A4F7556}") = "ClinicApp.Core", "ClinicApp.Core\ClinicApp.Core.csproj", "{B8E665E1-AE6B-407E-8BF1-F07C4D096386}"
EndProject
Project("{2150E333-8FDC-42A3-9474-1A3956D46DE8}") = "Solution Items", "Solution Items", "{E495C974-2694-4CE5-B0E0-6E07A1008DB6}"
	ProjectSection(SolutionItems) = preProject
		.editorconfig = .editorconfig
	EndProjectSection
EndProject
Project("{9A19103F-16F7-4668-BE54-9A1E7A4F7556}") = "ClinicApp.WebApp", "ClinicApp.WebApp\ClinicApp.WebApp.csproj", "{99CDAE91-2429-4A13-A78C-DBC43F9A9BB9}"
EndProject
Project("{9A19103F-16F7-4668-BE54-9A1E7A4F7556}") = "ClinicApp.Api", "ClinicApp.Api\ClinicApp.Api.csproj", "{A1BC15DD-4947-402F-AB7B-816B949C336F}"
EndProject
Project("{9A19103F-16F7-4668-BE54-9A1E7A4F7556}") = "ClinicApp.Infrastructure", "ClinicApp.Infrastructure\ClinicApp.Infrastructure.csproj", "{38892F1B-5B2B-4C40-9956-590F39E8B5D2}"
EndProject
Project("{9A19103F-16F7-4668-BE54-9A1E7A4F7556}") = "Oauth2.sdk", "Oauth2.sdk\Oauth2.sdk.csproj", "{361B5C3E-CA8B-49AF-A1A3-E07DC95E8446}"
EndProject
Project("{FAE04EC0-301F-11D3-BF4B-00C04F79EFBC}") = "ClinicApp.Reports", "ClinicApp.Reports\ClinicApp.Reports.csproj", "{3C5F36BD-FE93-4449-8BE1-8197745E270C}"
EndProject
Global
	GlobalSection(SolutionConfigurationPlatforms) = preSolution
		Debug|Any CPU = Debug|Any CPU
		Release|Any CPU = Release|Any CPU
	EndGlobalSection
	GlobalSection(ProjectConfigurationPlatforms) = postSolution
		{B8E665E1-AE6B-407E-8BF1-F07C4D096386}.Debug|Any CPU.ActiveCfg = Debug|Any CPU
		{B8E665E1-AE6B-407E-8BF1-F07C4D096386}.Debug|Any CPU.Build.0 = Debug|Any CPU
		{B8E665E1-AE6B-407E-8BF1-F07C4D096386}.Release|Any CPU.ActiveCfg = Release|Any CPU
		{B8E665E1-AE6B-407E-8BF1-F07C4D096386}.Release|Any CPU.Build.0 = Release|Any CPU
		{99CDAE91-2429-4A13-A78C-DBC43F9A9BB9}.Debug|Any CPU.ActiveCfg = Debug|Any CPU
		{99CDAE91-2429-4A13-A78C-DBC43F9A9BB9}.Debug|Any CPU.Build.0 = Debug|Any CPU
		{99CDAE91-2429-4A13-A78C-DBC43F9A9BB9}.Release|Any CPU.ActiveCfg = Release|Any CPU
		{99CDAE91-2429-4A13-A78C-DBC43F9A9BB9}.Release|Any CPU.Build.0 = Release|Any CPU
		{A1BC15DD-4947-402F-AB7B-816B949C336F}.Debug|Any CPU.ActiveCfg = Debug|Any CPU
		{A1BC15DD-4947-402F-AB7B-816B949C336F}.Debug|Any CPU.Build.0 = Debug|Any CPU
		{A1BC15DD-4947-402F-AB7B-816B949C336F}.Release|Any CPU.ActiveCfg = Release|Any CPU
		{A1BC15DD-4947-402F-AB7B-816B949C336F}.Release|Any CPU.Build.0 = Release|Any CPU
		{38892F1B-5B2B-4C40-9956-590F39E8B5D2}.Debug|Any CPU.ActiveCfg = Debug|Any CPU
		{38892F1B-5B2B-4C40-9956-590F39E8B5D2}.Debug|Any CPU.Build.0 = Debug|Any CPU
		{38892F1B-5B2B-4C40-9956-590F39E8B5D2}.Release|Any CPU.ActiveCfg = Release|Any CPU
		{38892F1B-5B2B-4C40-9956-590F39E8B5D2}.Release|Any CPU.Build.0 = Release|Any CPU
		{361B5C3E-CA8B-49AF-A1A3-E07DC95E8446}.Debug|Any CPU.ActiveCfg = Debug|Any CPU
		{361B5C3E-CA8B-49AF-A1A3-E07DC95E8446}.Debug|Any CPU.Build.0 = Debug|Any CPU
		{361B5C3E-CA8B-49AF-A1A3-E07DC95E8446}.Release|Any CPU.ActiveCfg = Release|Any CPU
		{361B5C3E-CA8B-49AF-A1A3-E07DC95E8446}.Release|Any CPU.Build.0 = Release|Any CPU
		{3C5F36BD-FE93-4449-8BE1-8197745E270C}.Debug|Any CPU.ActiveCfg = Debug|Any CPU
		{3C5F36BD-FE93-4449-8BE1-8197745E270C}.Debug|Any CPU.Build.0 = Debug|Any CPU
		{3C5F36BD-FE93-4449-8BE1-8197745E270C}.Release|Any CPU.ActiveCfg = Release|Any CPU
		{3C5F36BD-FE93-4449-8BE1-8197745E270C}.Release|Any CPU.Build.0 = Release|Any CPU
	EndGlobalSection
	GlobalSection(SolutionProperties) = preSolution
		HideSolutionNode = FALSE
	EndGlobalSection
	GlobalSection(ExtensibilityGlobals) = postSolution
		SolutionGuid = {5E4C4496-75B1-4836-B03E-6192007A6342}
	EndGlobalSection
EndGlobal
